{
  "name": "shizuku-sandbox-runtime",
  "version": "1.0.0",
  "lockfileVersion": 3,
  "requires": true,
  "packages": {
    "": {
      "name": "shizuku-sandbox-runtime",
      "version": "1.0.0",
      "license": "MIT",
      "dependencies": {
        "vm2": "^3.9.19"
      },
      "engines": {
        "node": ">=16.0.0"
      }
    },
    "node_modules/acorn": {
      "version": "8.16.0",
      "resolved": "https://registry.npmmirror.com/acorn/-/acorn-8.16.0.tgz",
      "integrity": "sha512-UVJyE9MttOsBQIDKw1skb9nAwQuR5wuGD3+82K6JgJlm/Y+KI92oNsMNGZCYdDsVtRHSak0pcV5Dno5+4jh9sw==",
      "license": "MIT",
      "bin": {
        "acorn": "bin/acorn"
      },
      "engines": {
        "node": ">=0.4.0"
      }
    },
    "node_modules/acorn-walk": {
      "version": "8.3.5",
      "resolved": "https://registry.npmmirror.com/acorn-walk/-/acorn-walk-8.3.5.tgz",
      "integrity": "sha512-HEHNfbars9v4pgpW6SO1KSPkfoS0xVOM/9UzkJltjlsHZmJasxg8aXkuZa7SMf8vKGIBhpUsPluQSqhJFCqebw==",
      "license": "MIT",
      "dependencies": {
        "acorn": "^8.11.0"
      },
      "engines": {
        "node": ">=0.4.0"
      }
    },
    "node_modules/vm2": {
      "version": "3.10.5",
      "resolved": "https://registry.npmmirror.com/vm2/-/vm2-3.10.5.tgz",
      "integrity": "sha512-3P/2QDccVFBcujfCOeP8vVNuGfuBJHEuvGR8eMmI10p/iwLL2UwF5PDaNaoOS2pRGQEDmJRyeEcc8kmm2Z59RA==",
      "license": "MIT",
      "dependencies": {
        "acorn": "^8.15.0",
        "acorn-walk": "^8.3.4"
      },
      "bin": {
        "vm2": "bin/vm2"
      },
      "engines": {
        "node": ">=6.0"
      }
    }
  }
}
